{
  "name": "worker",
  "version": "1.0.0",
  "lockfileVersion": 3,
  "requires": true,
  "packages": {
    "": {
      "name": "worker",
      "version": "1.0.0",
      "license": "ISC",
      "dependencies": {
        "opencc-js": "^1.3.0"
      }
    },
    "node_modules/opencc-js": {
      "version": "1.3.0",
      "resolved": "https://registry.npmjs.org/opencc-js/-/opencc-js-1.3.0.tgz",
      "integrity": "sha512-8sI0BQ3NECLM8GNWxWT/oZFDXpE853ZDc13MbLxtUL4sTJyr8DmoQSzPbvj7A5ZppwLn85wMdEaLGCycXjBmrQ==",
      "license": "MIT"
    }
  }
}
